
Microsoft Visual Studio Solution File, Format Version 12.00
# Visual Studio Version 17
VisualStudioVersion = 17.12.35527.113
MinimumVisualStudioVersion = 10.0.40219.1
Project("{FAE04EC0-301F-11D3-BF4B-00C04F79EFBC}") = "api", "api\api.csproj", "{4CD0164F-76DF-4FA3-80B3-A0231267BBDD}"
EndProject
Project("{FAE04EC0-301F-11D3-BF4B-00C04F79EFBC}") = "lib", "lib\lib.csproj", "{0E7CBBB4-2704-4802-B4E1-4220FF1C41BB}"
EndProject
Project("{FAE04EC0-301F-11D3-BF4B-00C04F79EFBC}") = "tests", "tests\tests.csproj", "{A69FCDD0-0CFC-4566-B8D7-4FD78FCCD01D}"
EndProject
Global
	GlobalSection(SolutionConfigurationPlatforms) = preSolution
		Debug|Any CPU = Debug|Any CPU
		Release|Any CPU = Release|Any CPU
	EndGlobalSection
	GlobalSection(ProjectConfigurationPlatforms) = postSolution
		{4CD0164F-76DF-4FA3-80B3-A0231267BBDD}.Debug|Any CPU.ActiveCfg = Debug|Any CPU
		{4CD0164F-76DF-4FA3-80B3-A0231267BBDD}.Debug|Any CPU.Build.0 = Debug|Any CPU
		{4CD0164F-76DF-4FA3-80B3-A0231267BBDD}.Release|Any CPU.ActiveCfg = Release|Any CPU
		{4CD0164F-76DF-4FA3-80B3-A0231267BBDD}.Release|Any CPU.Build.0 = Release|Any CPU
		{0E7CBBB4-2704-4802-B4E1-4220FF1C41BB}.Debug|Any CPU.ActiveCfg = Debug|Any CPU
		{0E7CBBB4-2704-4802-B4E1-4220FF1C41BB}.Debug|Any CPU.Build.0 = Debug|Any CPU
		{0E7CBBB4-2704-4802-B4E1-4220FF1C41BB}.Release|Any CPU.ActiveCfg = Release|Any CPU
		{0E7CBBB4-2704-4802-B4E1-4220FF1C41BB}.Release|Any CPU.Build.0 = Release|Any CPU
		{A69FCDD0-0CFC-4566-B8D7-4FD78FCCD01D}.Debug|Any CPU.ActiveCfg = Debug|Any CPU
		{A69FCDD0-0CFC-4566-B8D7-4FD78FCCD01D}.Debug|Any CPU.Build.0 = Debug|Any CPU
		{A69FCDD0-0CFC-4566-B8D7-4FD78FCCD01D}.Release|Any CPU.ActiveCfg = Release|Any CPU
		{A69FCDD0-0CFC-4566-B8D7-4FD78FCCD01D}.Release|Any CPU.Build.0 = Release|Any CPU
	EndGlobalSection
	GlobalSection(SolutionProperties) = preSolution
		HideSolutionNode = FALSE
	EndGlobalSection
EndGlobal
